
Microsoft Visual Studio Solution File, Format Version 12.00
# Visual Studio Version 17
VisualStudioVersion = 17.9.34616.47
MinimumVisualStudioVersion = 10.0.40219.1
Project("{FAE04EC0-301F-11D3-BF4B-00C04F79EFBC}") = "Api", "Api\Api.csproj", "{384230FE-520C-465F-AEF4-2C599DCC4025}"
EndProject
Global
	GlobalSection(SolutionConfigurationPlatforms) = preSolution
		Debug|Any CPU = Debug|Any CPU
		Release|Any CPU = Release|Any CPU
	EndGlobalSection
	GlobalSection(ProjectConfigurationPlatforms) = postSolution
		{384230FE-520C-465F-AEF4-2C599DCC4025}.Debug|Any CPU.ActiveCfg = Debug|Any CPU
		{384230FE-520C-465F-AEF4-2C599DCC4025}.Debug|Any CPU.Build.0 = Debug|Any CPU
		{384230FE-520C-465F-AEF4-2C599DCC4025}.Release|Any CPU.ActiveCfg = Release|Any CPU
		{384230FE-520C-465F-AEF4-2C599DCC4025}.Release|Any CPU.Build.0 = Release|Any CPU
	EndGlobalSection
	GlobalSection(SolutionProperties) = preSolution
		HideSolutionNode = FALSE
	EndGlobalSection
	GlobalSection(ExtensibilityGlobals) = postSolution
		SolutionGuid = {DF37044E-7A51-4A57-A7C4-EAE5C5EAE33F}
	EndGlobalSection
EndGlobal
